
Microsoft Visual Studio Solution File, Format Version 12.00
# Visual Studio 15
VisualStudioVersion = 15.0.28307.1622
MinimumVisualStudioVersion = 10.0.40219.1
Project("{FAE04EC0-301F-11D3-BF4B-00C04F79EFBC}") = "JBAExercise.Console", "JBAExercise.Console.csproj", "{BD244785-CF65-469D-B678-7550EF81F1E3}"
EndProject
Global
	GlobalSection(SolutionConfigurationPlatforms) = preSolution
		Debug|Any CPU = Debug|Any CPU
		Development|Any CPU = Development|Any CPU
		Release|Any CPU = Release|Any CPU
	EndGlobalSection
	GlobalSection(ProjectConfigurationPlatforms) = postSolution
		{BD244785-CF65-469D-B678-7550EF81F1E3}.Debug|Any CPU.ActiveCfg = Debug|Any CPU
		{BD244785-CF65-469D-B678-7550EF81F1E3}.Debug|Any CPU.Build.0 = Debug|Any CPU
		{BD244785-CF65-469D-B678-7550EF81F1E3}.Development|Any CPU.ActiveCfg = Debug|Any CPU
		{BD244785-CF65-469D-B678-7550EF81F1E3}.Development|Any CPU.Build.0 = Debug|Any CPU
		{BD244785-CF65-469D-B678-7550EF81F1E3}.Release|Any CPU.ActiveCfg = Release|Any CPU
		{BD244785-CF65-469D-B678-7550EF81F1E3}.Release|Any CPU.Build.0 = Release|Any CPU
	EndGlobalSection
	GlobalSection(SolutionProperties) = preSolution
		HideSolutionNode = FALSE
	EndGlobalSection
	GlobalSection(ExtensibilityGlobals) = postSolution
		SolutionGuid = {4D5AA978-B46E-4EB8-AB3D-1A624A7D4E30}
	EndGlobalSection
EndGlobal
